{
  "object": {
    "pins": [
      {
        "package": "nest",
        "repositoryURL": "https://github.com/zeionara/nest.git",
        "state": {
          "branch": "master",
          "revision": "e953bd4acd4c48f229d7febcab0be484ae13ad38",
          "version": null
        }
      }
    ]
  },
  "version": 1
}
