{
  "object": {
    "pins": [
      {
        "package": "nest",
        "repositoryURL": "/home/zeio/nest",
        "state": {
          "branch": "master",
          "revision": "d4b9345b3a83074aa6445f8ec6e693f07f1aba79",
          "version": null
        }
      },
      {
        "package": "PcgRandom",
        "repositoryURL": "https://github.com/paiv/swift-pcg-random.git",
        "state": {
          "branch": null,
          "revision": "9008021a68686c1ce913eb273e016c2db184f3dd",
          "version": "1.2.1"
        }
      }
    ]
  },
  "version": 1
}
